
Microsoft Visual Studio Solution File, Format Version 12.00
# Visual Studio 15
VisualStudioVersion = 15.0.26430.16
MinimumVisualStudioVersion = 10.0.40219.1
Project("{2150E333-8FDC-42A3-9474-1A3956D46DE8}") = "Solution Items", "Solution Items", "{51DB56CD-9ED3-4CEC-A2A1-ACE94EC12667}"
	ProjectSection(SolutionItems) = preProject
		.gitattributes = .gitattributes
		.gitignore = .gitignore
		SqlProcs\AddUsersToChat.sql = SqlProcs\AddUsersToChat.sql
		database.PNG = database.PNG
		SqlProcs\IDListType.sql = SqlProcs\IDListType.sql
		SqlProcs\KickUsersFromChat.sql = SqlProcs\KickUsersFromChat.sql
		LICENSE = LICENSE
		SqlProcs\mainquery.sql = SqlProcs\mainquery.sql
		README.md = README.md
	EndProjectSection
EndProject
Project("{FAE04EC0-301F-11D3-BF4B-00C04F79EFBC}") = "DotNetMessenger.Model", "DotNetMessenger.Model\DotNetMessenger.Model.csproj", "{79AEFA90-761C-4EAB-94F0-3E3DEE808B7F}"
EndProject
Project("{FAE04EC0-301F-11D3-BF4B-00C04F79EFBC}") = "DotNetMessenger.DataLayer", "DotNetMessenger.DataLayer\DotNetMessenger.DataLayer.csproj", "{7571A909-12DA-4C29-8BA0-A7A21732046E}"
EndProject
Project("{FAE04EC0-301F-11D3-BF4B-00C04F79EFBC}") = "DotNetMessenger.DataLayer.SqlServer", "DotNetMessenger.DataLayer.SqlServer\DotNetMessenger.DataLayer.SqlServer.csproj", "{C997DF8D-5F30-4A6D-A823-9BB046EFCAC0}"
EndProject
Project("{FAE04EC0-301F-11D3-BF4B-00C04F79EFBC}") = "DotNetMessenger.DataLayer.SqlServer.Tests", "DotNetMessenger.DataLayer.SqlServer.Tests\DotNetMessenger.DataLayer.SqlServer.Tests.csproj", "{489D5A17-8CEF-493F-A3FD-42B844A8339E}"
EndProject
Project("{FAE04EC0-301F-11D3-BF4B-00C04F79EFBC}") = "DotNetMessenger.WebApi", "DotNetMessenger.WebApi\DotNetMessenger.WebApi.csproj", "{011D0245-1599-4A3E-8D93-F2595A4AD615}"
EndProject
Project("{FAE04EC0-301F-11D3-BF4B-00C04F79EFBC}") = "DotNetMessenger.Logger", "DotNetMessenger.Logger\DotNetMessenger.Logger.csproj", "{834AC2CB-B64D-418F-AF9B-5486AE936F45}"
EndProject
Project("{FAE04EC0-301F-11D3-BF4B-00C04F79EFBC}") = "DotNetMessenger.WPFClient", "DotNetMessenger.WPFClient\DotNetMessenger.WPFClient.csproj", "{66D8FC28-06C2-45A3-A519-777804AB7B4C}"
EndProject
Global
	GlobalSection(SolutionConfigurationPlatforms) = preSolution
		Debug|Any CPU = Debug|Any CPU
		Release|Any CPU = Release|Any CPU
	EndGlobalSection
	GlobalSection(ProjectConfigurationPlatforms) = postSolution
		{79AEFA90-761C-4EAB-94F0-3E3DEE808B7F}.Debug|Any CPU.ActiveCfg = Debug|Any CPU
		{79AEFA90-761C-4EAB-94F0-3E3DEE808B7F}.Debug|Any CPU.Build.0 = Debug|Any CPU
		{79AEFA90-761C-4EAB-94F0-3E3DEE808B7F}.Release|Any CPU.ActiveCfg = Release|Any CPU
		{79AEFA90-761C-4EAB-94F0-3E3DEE808B7F}.Release|Any CPU.Build.0 = Release|Any CPU
		{7571A909-12DA-4C29-8BA0-A7A21732046E}.Debug|Any CPU.ActiveCfg = Debug|Any CPU
		{7571A909-12DA-4C29-8BA0-A7A21732046E}.Debug|Any CPU.Build.0 = Debug|Any CPU
		{7571A909-12DA-4C29-8BA0-A7A21732046E}.Release|Any CPU.ActiveCfg = Release|Any CPU
		{7571A909-12DA-4C29-8BA0-A7A21732046E}.Release|Any CPU.Build.0 = Release|Any CPU
		{C997DF8D-5F30-4A6D-A823-9BB046EFCAC0}.Debug|Any CPU.ActiveCfg = Debug|Any CPU
		{C997DF8D-5F30-4A6D-A823-9BB046EFCAC0}.Debug|Any CPU.Build.0 = Debug|Any CPU
		{C997DF8D-5F30-4A6D-A823-9BB046EFCAC0}.Release|Any CPU.ActiveCfg = Release|Any CPU
		{C997DF8D-5F30-4A6D-A823-9BB046EFCAC0}.Release|Any CPU.Build.0 = Release|Any CPU
		{489D5A17-8CEF-493F-A3FD-42B844A8339E}.Debug|Any CPU.ActiveCfg = Debug|Any CPU
		{489D5A17-8CEF-493F-A3FD-42B844A8339E}.Debug|Any CPU.Build.0 = Debug|Any CPU
		{489D5A17-8CEF-493F-A3FD-42B844A8339E}.Release|Any CPU.ActiveCfg = Release|Any CPU
		{489D5A17-8CEF-493F-A3FD-42B844A8339E}.Release|Any CPU.Build.0 = Release|Any CPU
		{011D0245-1599-4A3E-8D93-F2595A4AD615}.Debug|Any CPU.ActiveCfg = Debug|Any CPU
		{011D0245-1599-4A3E-8D93-F2595A4AD615}.Debug|Any CPU.Build.0 = Debug|Any CPU
		{011D0245-1599-4A3E-8D93-F2595A4AD615}.Release|Any CPU.ActiveCfg = Release|Any CPU
		{011D0245-1599-4A3E-8D93-F2595A4AD615}.Release|Any CPU.Build.0 = Release|Any CPU
		{834AC2CB-B64D-418F-AF9B-5486AE936F45}.Debug|Any CPU.ActiveCfg = Debug|Any CPU
		{834AC2CB-B64D-418F-AF9B-5486AE936F45}.Debug|Any CPU.Build.0 = Debug|Any CPU
		{834AC2CB-B64D-418F-AF9B-5486AE936F45}.Release|Any CPU.ActiveCfg = Release|Any CPU
		{834AC2CB-B64D-418F-AF9B-5486AE936F45}.Release|Any CPU.Build.0 = Release|Any CPU
		{66D8FC28-06C2-45A3-A519-777804AB7B4C}.Debug|Any CPU.ActiveCfg = Debug|Any CPU
		{66D8FC28-06C2-45A3-A519-777804AB7B4C}.Debug|Any CPU.Build.0 = Debug|Any CPU
		{66D8FC28-06C2-45A3-A519-777804AB7B4C}.Release|Any CPU.ActiveCfg = Release|Any CPU
		{66D8FC28-06C2-45A3-A519-777804AB7B4C}.Release|Any CPU.Build.0 = Release|Any CPU
	EndGlobalSection
	GlobalSection(SolutionProperties) = preSolution
		HideSolutionNode = FALSE
	EndGlobalSection
EndGlobal
